{
  "version": 4,
  "terraform_version": "1.10.5",
  "serial": 10,
  "lineage": "19f233ca-aeed-ed2f-41f6-5b3ec46b9193",
  "outputs": {
    "bucket_arn": {
      "value": "arn:aws:s3:::ind-dp-nyc-taxi-data-pipelines",
      "type": "string"
    },
    "bucket_name": {
      "value": "ind-dp-nyc-taxi-data-pipelines",
      "type": "string"
    }
  },
  "resources": [
    {
      "module": "module.s3_bucket",
      "mode": "managed",
      "type": "aws_s3_bucket",
      "name": "this",
      "provider": "provider[\"registry.terraform.io/hashicorp/aws\"]",
      "instances": [
        {
          "schema_version": 0,
          "attributes": {
            "acceleration_status": "",
            "acl": null,
            "arn": "arn:aws:s3:::ind-dp-nyc-taxi-data-pipelines",
            "bucket": "ind-dp-nyc-taxi-data-pipelines",
            "bucket_domain_name": "ind-dp-nyc-taxi-data-pipelines.s3.amazonaws.com",
            "bucket_prefix": "",
            "bucket_region": "us-east-1",
            "bucket_regional_domain_name": "ind-dp-nyc-taxi-data-pipelines.s3.us-east-1.amazonaws.com",
            "cors_rule": [],
            "force_destroy": false,
            "grant": [
              {
                "id": "b27466f3b2c94ca502e00f66f7739042d43bfa36a5a9aa9ff683ae20cfdc0b65",
                "permissions": [
                  "FULL_CONTROL"
                ],
                "type": "CanonicalUser",
                "uri": ""
              }
            ],
            "hosted_zone_id": "Z3AQBSTGFYJSTF",
            "id": "ind-dp-nyc-taxi-data-pipelines",
            "lifecycle_rule": [],
            "logging": [],
            "object_lock_configuration": [],
            "object_lock_enabled": false,
            "policy": "",
            "region": "us-east-1",
            "replication_configuration": [],
            "request_payer": "BucketOwner",
            "server_side_encryption_configuration": [
              {
                "rule": [
                  {
                    "apply_server_side_encryption_by_default": [
                      {
                        "kms_master_key_id": "",
                        "sse_algorithm": "AES256"
                      }
                    ],
                    "bucket_key_enabled": false
                  }
                ]
              }
            ],
            "tags": {
              "Environment": "development",
              "Name": "ind-dp-nyc-taxi-data-pipelines"
            },
            "tags_all": {
              "Environment": "development",
              "Name": "ind-dp-nyc-taxi-data-pipelines"
            },
            "timeouts": null,
            "versioning": [
              {
                "enabled": true,
                "mfa_delete": false
              }
            ],
            "website": [],
            "website_domain": null,
            "website_endpoint": null
          },
          "sensitive_attributes": [],
          "private": "eyJlMmJmYjczMC1lY2FhLTExZTYtOGY4OC0zNDM2M2JjN2M0YzAiOnsiY3JlYXRlIjoxMjAwMDAwMDAwMDAwLCJkZWxldGUiOjM2MDAwMDAwMDAwMDAsInJlYWQiOjEyMDAwMDAwMDAwMDAsInVwZGF0ZSI6MTIwMDAwMDAwMDAwMH19"
        }
      ]
    },
    {
      "module": "module.s3_bucket",
      "mode": "managed",
      "type": "aws_s3_bucket_ownership_controls",
      "name": "this",
      "provider": "provider[\"registry.terraform.io/hashicorp/aws\"]",
      "instances": [
        {
          "schema_version": 0,
          "attributes": {
            "bucket": "ind-dp-nyc-taxi-data-pipelines",
            "id": "ind-dp-nyc-taxi-data-pipelines",
            "region": "us-east-1",
            "rule": [
              {
                "object_ownership": "BucketOwnerPreferred"
              }
            ]
          },
          "sensitive_attributes": [],
          "private": "bnVsbA==",
          "dependencies": [
            "module.s3_bucket.aws_s3_bucket.this"
          ]
        }
      ]
    },
    {
      "module": "module.s3_bucket",
      "mode": "managed",
      "type": "aws_s3_bucket_versioning",
      "name": "this",
      "provider": "provider[\"registry.terraform.io/hashicorp/aws\"]",
      "instances": [
        {
          "schema_version": 0,
          "attributes": {
            "bucket": "ind-dp-nyc-taxi-data-pipelines",
            "expected_bucket_owner": "",
            "id": "ind-dp-nyc-taxi-data-pipelines",
            "mfa": null,
            "region": "us-east-1",
            "versioning_configuration": [
              {
                "mfa_delete": "",
                "status": "Enabled"
              }
            ]
          },
          "sensitive_attributes": [],
          "private": "bnVsbA==",
          "dependencies": [
            "module.s3_bucket.aws_s3_bucket.this"
          ]
        }
      ]
    },
    {
      "module": "module.s3_bucket",
      "mode": "managed",
      "type": "aws_s3_object",
      "name": "example",
      "provider": "provider[\"registry.terraform.io/hashicorp/aws\"]",
      "instances": [
        {
          "schema_version": 0,
          "attributes": {
            "acl": null,
            "arn": "arn:aws:s3:::ind-dp-nyc-taxi-data-pipelines/example_file.txt",
            "bucket": "ind-dp-nyc-taxi-data-pipelines",
            "bucket_key_enabled": false,
            "cache_control": "",
            "checksum_algorithm": null,
            "checksum_crc32": "",
            "checksum_crc32c": "",
            "checksum_crc64nvme": "",
            "checksum_sha1": "",
            "checksum_sha256": "",
            "content": "This is a test file content",
            "content_base64": null,
            "content_disposition": "",
            "content_encoding": "",
            "content_language": "",
            "content_type": "application/octet-stream",
            "etag": "cb52b58e283acca3a88dd6f6f2c378b4",
            "force_destroy": false,
            "id": "ind-dp-nyc-taxi-data-pipelines/example_file.txt",
            "key": "example_file.txt",
            "kms_key_id": null,
            "metadata": {},
            "object_lock_legal_hold_status": "",
            "object_lock_mode": "",
            "object_lock_retain_until_date": "",
            "override_provider": [],
            "region": "us-east-1",
            "server_side_encryption": "AES256",
            "source": null,
            "source_hash": null,
            "storage_class": "STANDARD",
            "tags": {},
            "tags_all": {},
            "version_id": "hpWCY4S4bbYhQk5dxjoN1jqYOhwowtpv",
            "website_redirect": ""
          },
          "sensitive_attributes": [],
          "private": "bnVsbA==",
          "dependencies": [
            "module.s3_bucket.aws_s3_bucket.this"
          ]
        }
      ]
    }
  ],
  "check_results": null
}
